// !$*UTF8*$!
{
	archiveVersion = 1;
	classes = {
	};
	objectVersion = 46;
	objects = {

/* Begin PBXBuildFile section */
		C5D5746B1AB4331F00D2FC37 /* main.m in Sources */ = {isa = PBXBuildFile; fileRef = C5D5746A1AB4331F00D2FC37 /* main.m */; };
		C5D5746E1AB4331F00D2FC37 /* AppDelegate.m in Sources */ = {isa = PBXBuildFile; fileRef = C5D5746D1AB4331F00D2FC37 /* AppDelegate.m */; };
		C5D574711AB4331F00D2FC37 /* ViewController.m in Sources */ = {isa = PBXBuildFile; fileRef = C5D574701AB4331F00D2FC37 /* ViewController.m */; };
		C5D574741AB4331F00D2FC37 /* Main.storyboard in Resources */ = {isa = PBXBuildFile; fileRef = C5D574721AB4331F00D2FC37 /* Main.storyboard */; };
		C5D574761AB4331F00D2FC37 /* Images.xcassets in Resources */ = {isa = PBXBuildFile; fileRef = C5D574751AB4331F00D2FC37 /* Images.xcassets */; };
		C5D574791AB4331F00D2FC37 /* LaunchScreen.xib in Resources */ = {isa = PBXBuildFile; fileRef = C5D574771AB4331F00D2FC37 /* LaunchScreen.xib */; };
		C5D574851AB4331F00D2FC37 /* PingPongTests.m in Sources */ = {isa = PBXBuildFile; fileRef = C5D574841AB4331F00D2FC37 /* PingPongTests.m */; };
		C5D5749B1AB43F7100D2FC37 /* MainTableViewCell.m in Sources */ = {isa = PBXBuildFile; fileRef = C5D5749A1AB43F7100D2FC37 /* MainTableViewCell.m */; };
		C5D5749E1AB43F8200D2FC37 /* MainTableViewController.m in Sources */ = {isa = PBXBuildFile; fileRef = C5D5749D1AB43F8200D2FC37 /* MainTableViewController.m */; };
		C5D574A11AB43F9C00D2FC37 /* MessageViewController.m in Sources */ = {isa = PBXBuildFile; fileRef = C5D574A01AB43F9C00D2FC37 /* MessageViewController.m */; };
		C5D574A41AB43FA800D2FC37 /* SettingsViewController.m in Sources */ = {isa = PBXBuildFile; fileRef = C5D574A31AB43FA800D2FC37 /* SettingsViewController.m */; };
		C5D574AA1AB4406700D2FC37 /* SSKeychain.m in Sources */ = {isa = PBXBuildFile; fileRef = C5D574A71AB4406700D2FC37 /* SSKeychain.m */; };
		C5D574AB1AB4406700D2FC37 /* SSKeychainQuery.m in Sources */ = {isa = PBXBuildFile; fileRef = C5D574A91AB4406700D2FC37 /* SSKeychainQuery.m */; };
		C5D574AE1AB440A800D2FC37 /* AuthHelper.m in Sources */ = {isa = PBXBuildFile; fileRef = C5D574AD1AB440A800D2FC37 /* AuthHelper.m */; };
		C5D574B11AB4467300D2FC37 /* ColorHelper.m in Sources */ = {isa = PBXBuildFile; fileRef = C5D574B01AB4467300D2FC37 /* ColorHelper.m */; };
		C5D574BB1AB44CFA00D2FC37 /* video.png in Resources */ = {isa = PBXBuildFile; fileRef = C5D574B21AB44CFA00D2FC37 /* video.png */; };
		C5D574BE1AB44CFA00D2FC37 /* plus.png in Resources */ = {isa = PBXBuildFile; fileRef = C5D574B51AB44CFA00D2FC37 /* plus.png */; };
		C5D574BF1AB44CFA00D2FC37 /* search.png in Resources */ = {isa = PBXBuildFile; fileRef = C5D574B61AB44CFA00D2FC37 /* search.png */; };
		C5D574C01AB44CFA00D2FC37 /* play.png in Resources */ = {isa = PBXBuildFile; fileRef = C5D574B71AB44CFA00D2FC37 /* play.png */; };
		C5D574C11AB44CFA00D2FC37 /* cross.png in Resources */ = {isa = PBXBuildFile; fileRef = C5D574B81AB44CFA00D2FC37 /* cross.png */; };
		C5D574C21AB44CFA00D2FC37 /* message.png in Resources */ = {isa = PBXBuildFile; fileRef = C5D574B91AB44CFA00D2FC37 /* message.png */; };
		C5D574C31AB44CFA00D2FC37 /* camera.png in Resources */ = {isa = PBXBuildFile; fileRef = C5D574BA1AB44CFA00D2FC37 /* camera.png */; };
		C5D574C61AB44D9400D2FC37 /* NavigationViewController.m in Sources */ = {isa = PBXBuildFile; fileRef = C5D574C51AB44D9400D2FC37 /* NavigationViewController.m */; };
		C5D574C81AB454AC00D2FC37 /* selfie.jpg in Resources */ = {isa = PBXBuildFile; fileRef = C5D574C71AB454AC00D2FC37 /* selfie.jpg */; };
		C5D574CA1AB4573100D2FC37 /* settings.png in Resources */ = {isa = PBXBuildFile; fileRef = C5D574C91AB4573100D2FC37 /* settings.png */; };
		C5D574CD1AB45E3800D2FC37 /* ComposeViewController.m in Sources */ = {isa = PBXBuildFile; fileRef = C5D574CC1AB45E3800D2FC37 /* ComposeViewController.m */; };
		C5D574D01AB462A400D2FC37 /* ApplicationController.m in Sources */ = {isa = PBXBuildFile; fileRef = C5D574CF1AB462A400D2FC37 /* ApplicationController.m */; };
		C5D574D31AB4633800D2FC37 /* ParserHelper.m in Sources */ = {isa = PBXBuildFile; fileRef = C5D574D21AB4633800D2FC37 /* ParserHelper.m */; };
		C5D574D61AB463A500D2FC37 /* ApplicationHelper.m in Sources */ = {isa = PBXBuildFile; fileRef = C5D574D51AB463A500D2FC37 /* ApplicationHelper.m */; };
		C5D574D91AB463E600D2FC37 /* ConfigHelper.m in Sources */ = {isa = PBXBuildFile; fileRef = C5D574D81AB463E600D2FC37 /* ConfigHelper.m */; };
		C5D574DC1AB4641500D2FC37 /* LoginController.m in Sources */ = {isa = PBXBuildFile; fileRef = C5D574DB1AB4641500D2FC37 /* LoginController.m */; };
		C5D574DE1AB47FFC00D2FC37 /* tick.png in Resources */ = {isa = PBXBuildFile; fileRef = C5D574DD1AB47FFC00D2FC37 /* tick.png */; };
		C5D574E11AB488F300D2FC37 /* FriendsController.m in Sources */ = {isa = PBXBuildFile; fileRef = C5D574E01AB488F300D2FC37 /* FriendsController.m */; };
		C5D574E41AB4A07200D2FC37 /* CameraHelper.m in Sources */ = {isa = PBXBuildFile; fileRef = C5D574E31AB4A07200D2FC37 /* CameraHelper.m */; };
		C5D574E71AB4AF0400D2FC37 /* FriendModel.m in Sources */ = {isa = PBXBuildFile; fileRef = C5D574E61AB4AF0400D2FC37 /* FriendModel.m */; };
		C5D574EA1AB4D83A00D2FC37 /* MessageController.m in Sources */ = {isa = PBXBuildFile; fileRef = C5D574E91AB4D83A00D2FC37 /* MessageController.m */; };
/* End PBXBuildFile section */

/* Begin PBXContainerItemProxy section */
		C5D5747F1AB4331F00D2FC37 /* PBXContainerItemProxy */ = {
			isa = PBXContainerItemProxy;
			containerPortal = C5D5745D1AB4331F00D2FC37 /* Project object */;
			proxyType = 1;
			remoteGlobalIDString = C5D574641AB4331F00D2FC37;
			remoteInfo = PingPong;
		};
/* End PBXContainerItemProxy section */

/* Begin PBXFileReference section */
		C5D574651AB4331F00D2FC37 /* PingPong.app */ = {isa = PBXFileReference; explicitFileType = wrapper.application; includeInIndex = 0; path = PingPong.app; sourceTree = BUILT_PRODUCTS_DIR; };
		C5D574691AB4331F00D2FC37 /* Info.plist */ = {isa = PBXFileReference; lastKnownFileType = text.plist.xml; path = Info.plist; sourceTree = "<group>"; };
		C5D5746A1AB4331F00D2FC37 /* main.m */ = {isa = PBXFileReference; lastKnownFileType = sourcecode.c.objc; path = main.m; sourceTree = "<group>"; };
		C5D5746C1AB4331F00D2FC37 /* AppDelegate.h */ = {isa = PBXFileReference; lastKnownFileType = sourcecode.c.h; path = AppDelegate.h; sourceTree = "<group>"; };
		C5D5746D1AB4331F00D2FC37 /* AppDelegate.m */ = {isa = PBXFileReference; lastKnownFileType = sourcecode.c.objc; path = AppDelegate.m; sourceTree = "<group>"; };
		C5D5746F1AB4331F00D2FC37 /* ViewController.h */ = {isa = PBXFileReference; lastKnownFileType = sourcecode.c.h; path = ViewController.h; sourceTree = "<group>"; };
		C5D574701AB4331F00D2FC37 /* ViewController.m */ = {isa = PBXFileReference; lastKnownFileType = sourcecode.c.objc; path = ViewController.m; sourceTree = "<group>"; };
		C5D574731AB4331F00D2FC37 /* Base */ = {isa = PBXFileReference; lastKnownFileType = file.storyboard; name = Base; path = Base.lproj/Main.storyboard; sourceTree = "<group>"; };
		C5D574751AB4331F00D2FC37 /* Images.xcassets */ = {isa = PBXFileReference; lastKnownFileType = folder.assetcatalog; path = Images.xcassets; sourceTree = "<group>"; };
		C5D574781AB4331F00D2FC37 /* Base */ = {isa = PBXFileReference; lastKnownFileType = file.xib; name = Base; path = Base.lproj/LaunchScreen.xib; sourceTree = "<group>"; };
		C5D5747E1AB4331F00D2FC37 /* PingPongTests.xctest */ = {isa = PBXFileReference; explicitFileType = wrapper.cfbundle; includeInIndex = 0; path = PingPongTests.xctest; sourceTree = BUILT_PRODUCTS_DIR; };
		C5D574831AB4331F00D2FC37 /* Info.plist */ = {isa = PBXFileReference; lastKnownFileType = text.plist.xml; path = Info.plist; sourceTree = "<group>"; };
		C5D574841AB4331F00D2FC37 /* PingPongTests.m */ = {isa = PBXFileReference; lastKnownFileType = sourcecode.c.objc; path = PingPongTests.m; sourceTree = "<group>"; };
		C5D574991AB43F7100D2FC37 /* MainTableViewCell.h */ = {isa = PBXFileReference; fileEncoding = 4; lastKnownFileType = sourcecode.c.h; path = MainTableViewCell.h; sourceTree = "<group>"; };
		C5D5749A1AB43F7100D2FC37 /* MainTableViewCell.m */ = {isa = PBXFileReference; fileEncoding = 4; lastKnownFileType = sourcecode.c.objc; path = MainTableViewCell.m; sourceTree = "<group>"; };
		C5D5749C1AB43F8200D2FC37 /* MainTableViewController.h */ = {isa = PBXFileReference; fileEncoding = 4; lastKnownFileType = sourcecode.c.h; path = MainTableViewController.h; sourceTree = "<group>"; };
		C5D5749D1AB43F8200D2FC37 /* MainTableViewController.m */ = {isa = PBXFileReference; fileEncoding = 4; lastKnownFileType = sourcecode.c.objc; path = MainTableViewController.m; sourceTree = "<group>"; };
		C5D5749F1AB43F9C00D2FC37 /* MessageViewController.h */ = {isa = PBXFileReference; fileEncoding = 4; lastKnownFileType = sourcecode.c.h; path = MessageViewController.h; sourceTree = "<group>"; };
		C5D574A01AB43F9C00D2FC37 /* MessageViewController.m */ = {isa = PBXFileReference; fileEncoding = 4; lastKnownFileType = sourcecode.c.objc; path = MessageViewController.m; sourceTree = "<group>"; };
		C5D574A21AB43FA800D2FC37 /* SettingsViewController.h */ = {isa = PBXFileReference; fileEncoding = 4; lastKnownFileType = sourcecode.c.h; path = SettingsViewController.h; sourceTree = "<group>"; };
		C5D574A31AB43FA800D2FC37 /* SettingsViewController.m */ = {isa = PBXFileReference; fileEncoding = 4; lastKnownFileType = sourcecode.c.objc; path = SettingsViewController.m; sourceTree = "<group>"; };
		C5D574A61AB4406700D2FC37 /* SSKeychain.h */ = {isa = PBXFileReference; fileEncoding = 4; lastKnownFileType = sourcecode.c.h; name = SSKeychain.h; path = ../../wzup/wzup/app/lib/SSKeychain.h; sourceTree = "<group>"; };
		C5D574A71AB4406700D2FC37 /* SSKeychain.m */ = {isa = PBXFileReference; fileEncoding = 4; lastKnownFileType = sourcecode.c.objc; name = SSKeychain.m; path = ../../wzup/wzup/app/lib/SSKeychain.m; sourceTree = "<group>"; };
		C5D574A81AB4406700D2FC37 /* SSKeychainQuery.h */ = {isa = PBXFileReference; fileEncoding = 4; lastKnownFileType = sourcecode.c.h; name = SSKeychainQuery.h; path = ../../wzup/wzup/app/lib/SSKeychainQuery.h; sourceTree = "<group>"; };
		C5D574A91AB4406700D2FC37 /* SSKeychainQuery.m */ = {isa = PBXFileReference; fileEncoding = 4; lastKnownFileType = sourcecode.c.objc; name = SSKeychainQuery.m; path = ../../wzup/wzup/app/lib/SSKeychainQuery.m; sourceTree = "<group>"; };
		C5D574AC1AB440A800D2FC37 /* AuthHelper.h */ = {isa = PBXFileReference; fileEncoding = 4; lastKnownFileType = sourcecode.c.h; path = AuthHelper.h; sourceTree = "<group>"; };
		C5D574AD1AB440A800D2FC37 /* AuthHelper.m */ = {isa = PBXFileReference; fileEncoding = 4; lastKnownFileType = sourcecode.c.objc; path = AuthHelper.m; sourceTree = "<group>"; };
		C5D574AF1AB4467300D2FC37 /* ColorHelper.h */ = {isa = PBXFileReference; fileEncoding = 4; lastKnownFileType = sourcecode.c.h; path = ColorHelper.h; sourceTree = "<group>"; };
		C5D574B01AB4467300D2FC37 /* ColorHelper.m */ = {isa = PBXFileReference; fileEncoding = 4; lastKnownFileType = sourcecode.c.objc; path = ColorHelper.m; sourceTree = "<group>"; };
		C5D574B21AB44CFA00D2FC37 /* video.png */ = {isa = PBXFileReference; lastKnownFileType = image.png; name = video.png; path = ../../../Downloads/video.png; sourceTree = "<group>"; };
		C5D574B51AB44CFA00D2FC37 /* plus.png */ = {isa = PBXFileReference; lastKnownFileType = image.png; name = plus.png; path = ../../../Downloads/plus.png; sourceTree = "<group>"; };
		C5D574B61AB44CFA00D2FC37 /* search.png */ = {isa = PBXFileReference; lastKnownFileType = image.png; name = search.png; path = ../../../Downloads/search.png; sourceTree = "<group>"; };
		C5D574B71AB44CFA00D2FC37 /* play.png */ = {isa = PBXFileReference; lastKnownFileType = image.png; name = play.png; path = ../../../Downloads/play.png; sourceTree = "<group>"; };
		C5D574B81AB44CFA00D2FC37 /* cross.png */ = {isa = PBXFileReference; lastKnownFileType = image.png; name = cross.png; path = ../../../Downloads/cross.png; sourceTree = "<group>"; };
		C5D574B91AB44CFA00D2FC37 /* message.png */ = {isa = PBXFileReference; lastKnownFileType = image.png; name = message.png; path = ../../../Downloads/message.png; sourceTree = "<group>"; };
		C5D574BA1AB44CFA00D2FC37 /* camera.png */ = {isa = PBXFileReference; lastKnownFileType = image.png; name = camera.png; path = ../../../Downloads/camera.png; sourceTree = "<group>"; };
		C5D574C41AB44D9400D2FC37 /* NavigationViewController.h */ = {isa = PBXFileReference; fileEncoding = 4; lastKnownFileType = sourcecode.c.h; path = NavigationViewController.h; sourceTree = "<group>"; };
		C5D574C51AB44D9400D2FC37 /* NavigationViewController.m */ = {isa = PBXFileReference; fileEncoding = 4; lastKnownFileType = sourcecode.c.objc; path = NavigationViewController.m; sourceTree = "<group>"; };
		C5D574C71AB454AC00D2FC37 /* selfie.jpg */ = {isa = PBXFileReference; lastKnownFileType = image.jpeg; name = selfie.jpg; path = ../../../Downloads/selfie.jpg; sourceTree = "<group>"; };
		C5D574C91AB4573100D2FC37 /* settings.png */ = {isa = PBXFileReference; lastKnownFileType = image.png; name = settings.png; path = ../../../Downloads/settings.png; sourceTree = "<group>"; };
		C5D574CB1AB45E3800D2FC37 /* ComposeViewController.h */ = {isa = PBXFileReference; fileEncoding = 4; lastKnownFileType = sourcecode.c.h; path = ComposeViewController.h; sourceTree = "<group>"; };
		C5D574CC1AB45E3800D2FC37 /* ComposeViewController.m */ = {isa = PBXFileReference; fileEncoding = 4; lastKnownFileType = sourcecode.c.objc; path = ComposeViewController.m; sourceTree = "<group>"; };
		C5D574CE1AB462A400D2FC37 /* ApplicationController.h */ = {isa = PBXFileReference; fileEncoding = 4; lastKnownFileType = sourcecode.c.h; path = ApplicationController.h; sourceTree = "<group>"; };
		C5D574CF1AB462A400D2FC37 /* ApplicationController.m */ = {isa = PBXFileReference; fileEncoding = 4; lastKnownFileType = sourcecode.c.objc; path = ApplicationController.m; sourceTree = "<group>"; };
		C5D574D11AB4633800D2FC37 /* ParserHelper.h */ = {isa = PBXFileReference; fileEncoding = 4; lastKnownFileType = sourcecode.c.h; path = ParserHelper.h; sourceTree = "<group>"; };
		C5D574D21AB4633800D2FC37 /* ParserHelper.m */ = {isa = PBXFileReference; fileEncoding = 4; lastKnownFileType = sourcecode.c.objc; path = ParserHelper.m; sourceTree = "<group>"; };
		C5D574D41AB463A500D2FC37 /* ApplicationHelper.h */ = {isa = PBXFileReference; fileEncoding = 4; lastKnownFileType = sourcecode.c.h; path = ApplicationHelper.h; sourceTree = "<group>"; };
		C5D574D51AB463A500D2FC37 /* ApplicationHelper.m */ = {isa = PBXFileReference; fileEncoding = 4; lastKnownFileType = sourcecode.c.objc; path = ApplicationHelper.m; sourceTree = "<group>"; };
		C5D574D71AB463E500D2FC37 /* ConfigHelper.h */ = {isa = PBXFileReference; fileEncoding = 4; lastKnownFileType = sourcecode.c.h; path = ConfigHelper.h; sourceTree = "<group>"; };
		C5D574D81AB463E600D2FC37 /* ConfigHelper.m */ = {isa = PBXFileReference; fileEncoding = 4; lastKnownFileType = sourcecode.c.objc; path = ConfigHelper.m; sourceTree = "<group>"; };
		C5D574DA1AB4641500D2FC37 /* LoginController.h */ = {isa = PBXFileReference; fileEncoding = 4; lastKnownFileType = sourcecode.c.h; path = LoginController.h; sourceTree = "<group>"; };
		C5D574DB1AB4641500D2FC37 /* LoginController.m */ = {isa = PBXFileReference; fileEncoding = 4; lastKnownFileType = sourcecode.c.objc; path = LoginController.m; sourceTree = "<group>"; };
		C5D574DD1AB47FFC00D2FC37 /* tick.png */ = {isa = PBXFileReference; lastKnownFileType = image.png; name = tick.png; path = ../../../Downloads/tick.png; sourceTree = "<group>"; };
		C5D574DF1AB488F300D2FC37 /* FriendsController.h */ = {isa = PBXFileReference; fileEncoding = 4; lastKnownFileType = sourcecode.c.h; path = FriendsController.h; sourceTree = "<group>"; };
		C5D574E01AB488F300D2FC37 /* FriendsController.m */ = {isa = PBXFileReference; fileEncoding = 4; lastKnownFileType = sourcecode.c.objc; path = FriendsController.m; sourceTree = "<group>"; };
		C5D574E21AB4A07200D2FC37 /* CameraHelper.h */ = {isa = PBXFileReference; fileEncoding = 4; lastKnownFileType = sourcecode.c.h; path = CameraHelper.h; sourceTree = "<group>"; };
		C5D574E31AB4A07200D2FC37 /* CameraHelper.m */ = {isa = PBXFileReference; fileEncoding = 4; lastKnownFileType = sourcecode.c.objc; path = CameraHelper.m; sourceTree = "<group>"; };
		C5D574E51AB4AF0400D2FC37 /* FriendModel.h */ = {isa = PBXFileReference; fileEncoding = 4; lastKnownFileType = sourcecode.c.h; path = FriendModel.h; sourceTree = "<group>"; };
		C5D574E61AB4AF0400D2FC37 /* FriendModel.m */ = {isa = PBXFileReference; fileEncoding = 4; lastKnownFileType = sourcecode.c.objc; path = FriendModel.m; sourceTree = "<group>"; };
		C5D574E81AB4D83A00D2FC37 /* MessageController.h */ = {isa = PBXFileReference; fileEncoding = 4; lastKnownFileType = sourcecode.c.h; path = MessageController.h; sourceTree = "<group>"; };
		C5D574E91AB4D83A00D2FC37 /* MessageController.m */ = {isa = PBXFileReference; fileEncoding = 4; lastKnownFileType = sourcecode.c.objc; path = MessageController.m; sourceTree = "<group>"; };
/* End PBXFileReference section */

/* Begin PBXFrameworksBuildPhase section */
		C5D574621AB4331F00D2FC37 /* Frameworks */ = {
			isa = PBXFrameworksBuildPhase;
			buildActionMask = 2147483647;
			files = (
			);
			runOnlyForDeploymentPostprocessing = 0;
		};
		C5D5747B1AB4331F00D2FC37 /* Frameworks */ = {
			isa = PBXFrameworksBuildPhase;
			buildActionMask = 2147483647;
			files = (
			);
			runOnlyForDeploymentPostprocessing = 0;
		};
/* End PBXFrameworksBuildPhase section */

/* Begin PBXGroup section */
		C5D5745C1AB4331F00D2FC37 = {
			isa = PBXGroup;
			children = (
				C5D574671AB4331F00D2FC37 /* PingPong */,
				C5D574811AB4331F00D2FC37 /* PingPongTests */,
				C5D574661AB4331F00D2FC37 /* Products */,
			);
			sourceTree = "<group>";
		};
		C5D574661AB4331F00D2FC37 /* Products */ = {
			isa = PBXGroup;
			children = (
				C5D574651AB4331F00D2FC37 /* PingPong.app */,
				C5D5747E1AB4331F00D2FC37 /* PingPongTests.xctest */,
			);
			name = Products;
			sourceTree = "<group>";
		};
		C5D574671AB4331F00D2FC37 /* PingPong */ = {
			isa = PBXGroup;
			children = (
				C5D574A51AB4403800D2FC37 /* lib */,
				C5D574981AB43E1200D2FC37 /* helpers */,
				C5D574971AB43E0C00D2FC37 /* controllers */,
				C5D574961AB43E0700D2FC37 /* views */,
				C5D574951AB43DFF00D2FC37 /* models */,
				C5D574941AB43DF600D2FC37 /* res */,
				C5D5746C1AB4331F00D2FC37 /* AppDelegate.h */,
				C5D5746D1AB4331F00D2FC37 /* AppDelegate.m */,
				C5D5746F1AB4331F00D2FC37 /* ViewController.h */,
				C5D574701AB4331F00D2FC37 /* ViewController.m */,
				C5D574721AB4331F00D2FC37 /* Main.storyboard */,
				C5D574751AB4331F00D2FC37 /* Images.xcassets */,
				C5D574771AB4331F00D2FC37 /* LaunchScreen.xib */,
				C5D574681AB4331F00D2FC37 /* Supporting Files */,
			);
			path = PingPong;
			sourceTree = "<group>";
		};
		C5D574681AB4331F00D2FC37 /* Supporting Files */ = {
			isa = PBXGroup;
			children = (
				C5D574691AB4331F00D2FC37 /* Info.plist */,
				C5D5746A1AB4331F00D2FC37 /* main.m */,
			);
			name = "Supporting Files";
			sourceTree = "<group>";
		};
		C5D574811AB4331F00D2FC37 /* PingPongTests */ = {
			isa = PBXGroup;
			children = (
				C5D574841AB4331F00D2FC37 /* PingPongTests.m */,
				C5D574821AB4331F00D2FC37 /* Supporting Files */,
			);
			path = PingPongTests;
			sourceTree = "<group>";
		};
		C5D574821AB4331F00D2FC37 /* Supporting Files */ = {
			isa = PBXGroup;
			children = (
				C5D574831AB4331F00D2FC37 /* Info.plist */,
			);
			name = "Supporting Files";
			sourceTree = "<group>";
		};
		C5D574941AB43DF600D2FC37 /* res */ = {
			isa = PBXGroup;
			children = (
				C5D574B21AB44CFA00D2FC37 /* video.png */,
				C5D574B51AB44CFA00D2FC37 /* plus.png */,
				C5D574C91AB4573100D2FC37 /* settings.png */,
				C5D574DD1AB47FFC00D2FC37 /* tick.png */,
				C5D574B61AB44CFA00D2FC37 /* search.png */,
				C5D574C71AB454AC00D2FC37 /* selfie.jpg */,
				C5D574B71AB44CFA00D2FC37 /* play.png */,
				C5D574B81AB44CFA00D2FC37 /* cross.png */,
				C5D574B91AB44CFA00D2FC37 /* message.png */,
				C5D574BA1AB44CFA00D2FC37 /* camera.png */,
			);
			name = res;
			sourceTree = "<group>";
		};
		C5D574951AB43DFF00D2FC37 /* models */ = {
			isa = PBXGroup;
			children = (
				C5D574E51AB4AF0400D2FC37 /* FriendModel.h */,
				C5D574E61AB4AF0400D2FC37 /* FriendModel.m */,
			);
			name = models;
			sourceTree = "<group>";
		};
		C5D574961AB43E0700D2FC37 /* views */ = {
			isa = PBXGroup;
			children = (
				C5D574991AB43F7100D2FC37 /* MainTableViewCell.h */,
				C5D5749A1AB43F7100D2FC37 /* MainTableViewCell.m */,
				C5D5749C1AB43F8200D2FC37 /* MainTableViewController.h */,
				C5D5749D1AB43F8200D2FC37 /* MainTableViewController.m */,
				C5D5749F1AB43F9C00D2FC37 /* MessageViewController.h */,
				C5D574A01AB43F9C00D2FC37 /* MessageViewController.m */,
				C5D574A21AB43FA800D2FC37 /* SettingsViewController.h */,
				C5D574A31AB43FA800D2FC37 /* SettingsViewController.m */,
				C5D574C41AB44D9400D2FC37 /* NavigationViewController.h */,
				C5D574C51AB44D9400D2FC37 /* NavigationViewController.m */,
				C5D574CB1AB45E3800D2FC37 /* ComposeViewController.h */,
				C5D574CC1AB45E3800D2FC37 /* ComposeViewController.m */,
			);
			name = views;
			sourceTree = "<group>";
		};
		C5D574971AB43E0C00D2FC37 /* controllers */ = {
			isa = PBXGroup;
			children = (
				C5D574CE1AB462A400D2FC37 /* ApplicationController.h */,
				C5D574CF1AB462A400D2FC37 /* ApplicationController.m */,
				C5D574DA1AB4641500D2FC37 /* LoginController.h */,
				C5D574DB1AB4641500D2FC37 /* LoginController.m */,
				C5D574DF1AB488F300D2FC37 /* FriendsController.h */,
				C5D574E01AB488F300D2FC37 /* FriendsController.m */,
				C5D574E81AB4D83A00D2FC37 /* MessageController.h */,
				C5D574E91AB4D83A00D2FC37 /* MessageController.m */,
			);
			name = controllers;
			sourceTree = "<group>";
		};
		C5D574981AB43E1200D2FC37 /* helpers */ = {
			isa = PBXGroup;
			children = (
				C5D574AC1AB440A800D2FC37 /* AuthHelper.h */,
				C5D574AD1AB440A800D2FC37 /* AuthHelper.m */,
				C5D574AF1AB4467300D2FC37 /* ColorHelper.h */,
				C5D574B01AB4467300D2FC37 /* ColorHelper.m */,
				C5D574D11AB4633800D2FC37 /* ParserHelper.h */,
				C5D574D21AB4633800D2FC37 /* ParserHelper.m */,
				C5D574D41AB463A500D2FC37 /* ApplicationHelper.h */,
				C5D574D51AB463A500D2FC37 /* ApplicationHelper.m */,
				C5D574D71AB463E500D2FC37 /* ConfigHelper.h */,
				C5D574D81AB463E600D2FC37 /* ConfigHelper.m */,
				C5D574E21AB4A07200D2FC37 /* CameraHelper.h */,
				C5D574E31AB4A07200D2FC37 /* CameraHelper.m */,
			);
			name = helpers;
			sourceTree = "<group>";
		};
		C5D574A51AB4403800D2FC37 /* lib */ = {
			isa = PBXGroup;
			children = (
				C5D574A61AB4406700D2FC37 /* SSKeychain.h */,
				C5D574A71AB4406700D2FC37 /* SSKeychain.m */,
				C5D574A81AB4406700D2FC37 /* SSKeychainQuery.h */,
				C5D574A91AB4406700D2FC37 /* SSKeychainQuery.m */,
			);
			name = lib;
			sourceTree = "<group>";
		};
/* End PBXGroup section */

/* Begin PBXNativeTarget section */
		C5D574641AB4331F00D2FC37 /* PingPong */ = {
			isa = PBXNativeTarget;
			buildConfigurationList = C5D574881AB4331F00D2FC37 /* Build configuration list for PBXNativeTarget "PingPong" */;
			buildPhases = (
				C5D574611AB4331F00D2FC37 /* Sources */,
				C5D574621AB4331F00D2FC37 /* Frameworks */,
				C5D574631AB4331F00D2FC37 /* Resources */,
			);
			buildRules = (
			);
			dependencies = (
			);
			name = PingPong;
			productName = PingPong;
			productReference = C5D574651AB4331F00D2FC37 /* PingPong.app */;
			productType = "com.apple.product-type.application";
		};
		C5D5747D1AB4331F00D2FC37 /* PingPongTests */ = {
			isa = PBXNativeTarget;
			buildConfigurationList = C5D5748B1AB4331F00D2FC37 /* Build configuration list for PBXNativeTarget "PingPongTests" */;
			buildPhases = (
				C5D5747A1AB4331F00D2FC37 /* Sources */,
				C5D5747B1AB4331F00D2FC37 /* Frameworks */,
				C5D5747C1AB4331F00D2FC37 /* Resources */,
			);
			buildRules = (
			);
			dependencies = (
				C5D574801AB4331F00D2FC37 /* PBXTargetDependency */,
			);
			name = PingPongTests;
			productName = PingPongTests;
			productReference = C5D5747E1AB4331F00D2FC37 /* PingPongTests.xctest */;
			productType = "com.apple.product-type.bundle.unit-test";
		};
/* End PBXNativeTarget section */

/* Begin PBXProject section */
		C5D5745D1AB4331F00D2FC37 /* Project object */ = {
			isa = PBXProject;
			attributes = {
				LastUpgradeCheck = 0620;
				ORGANIZATIONNAME = ddev;
				TargetAttributes = {
					C5D574641AB4331F00D2FC37 = {
						CreatedOnToolsVersion = 6.2;
					};
					C5D5747D1AB4331F00D2FC37 = {
						CreatedOnToolsVersion = 6.2;
						TestTargetID = C5D574641AB4331F00D2FC37;
					};
				};
			};
			buildConfigurationList = C5D574601AB4331F00D2FC37 /* Build configuration list for PBXProject "PingPong" */;
			compatibilityVersion = "Xcode 3.2";
			developmentRegion = English;
			hasScannedForEncodings = 0;
			knownRegions = (
				en,
				Base,
			);
			mainGroup = C5D5745C1AB4331F00D2FC37;
			productRefGroup = C5D574661AB4331F00D2FC37 /* Products */;
			projectDirPath = "";
			projectRoot = "";
			targets = (
				C5D574641AB4331F00D2FC37 /* PingPong */,
				C5D5747D1AB4331F00D2FC37 /* PingPongTests */,
			);
		};
/* End PBXProject section */

/* Begin PBXResourcesBuildPhase section */
		C5D574631AB4331F00D2FC37 /* Resources */ = {
			isa = PBXResourcesBuildPhase;
			buildActionMask = 2147483647;
			files = (
				C5D574C11AB44CFA00D2FC37 /* cross.png in Resources */,
				C5D574C21AB44CFA00D2FC37 /* message.png in Resources */,
				C5D574741AB4331F00D2FC37 /* Main.storyboard in Resources */,
				C5D574DE1AB47FFC00D2FC37 /* tick.png in Resources */,
				C5D574C01AB44CFA00D2FC37 /* play.png in Resources */,
				C5D574791AB4331F00D2FC37 /* LaunchScreen.xib in Resources */,
				C5D574C81AB454AC00D2FC37 /* selfie.jpg in Resources */,
				C5D574BF1AB44CFA00D2FC37 /* search.png in Resources */,
				C5D574761AB4331F00D2FC37 /* Images.xcassets in Resources */,
				C5D574BB1AB44CFA00D2FC37 /* video.png in Resources */,
				C5D574BE1AB44CFA00D2FC37 /* plus.png in Resources */,
				C5D574CA1AB4573100D2FC37 /* settings.png in Resources */,
				C5D574C31AB44CFA00D2FC37 /* camera.png in Resources */,
			);
			runOnlyForDeploymentPostprocessing = 0;
		};
		C5D5747C1AB4331F00D2FC37 /* Resources */ = {
			isa = PBXResourcesBuildPhase;
			buildActionMask = 2147483647;
			files = (
			);
			runOnlyForDeploymentPostprocessing = 0;
		};
/* End PBXResourcesBuildPhase section */

/* Begin PBXSourcesBuildPhase section */
		C5D574611AB4331F00D2FC37 /* Sources */ = {
			isa = PBXSourcesBuildPhase;
			buildActionMask = 2147483647;
			files = (
				C5D574D01AB462A400D2FC37 /* ApplicationController.m in Sources */,
				C5D574A11AB43F9C00D2FC37 /* MessageViewController.m in Sources */,
				C5D574D61AB463A500D2FC37 /* ApplicationHelper.m in Sources */,
				C5D574E11AB488F300D2FC37 /* FriendsController.m in Sources */,
				C5D574AB1AB4406700D2FC37 /* SSKeychainQuery.m in Sources */,
				C5D574AA1AB4406700D2FC37 /* SSKeychain.m in Sources */,
				C5D574E41AB4A07200D2FC37 /* CameraHelper.m in Sources */,
				C5D574B11AB4467300D2FC37 /* ColorHelper.m in Sources */,
				C5D574711AB4331F00D2FC37 /* ViewController.m in Sources */,
				C5D5746E1AB4331F00D2FC37 /* AppDelegate.m in Sources */,
				C5D574AE1AB440A800D2FC37 /* AuthHelper.m in Sources */,
				C5D5749B1AB43F7100D2FC37 /* MainTableViewCell.m in Sources */,
				C5D574C61AB44D9400D2FC37 /* NavigationViewController.m in Sources */,
				C5D574E71AB4AF0400D2FC37 /* FriendModel.m in Sources */,
				C5D5749E1AB43F8200D2FC37 /* MainTableViewController.m in Sources */,
				C5D574EA1AB4D83A00D2FC37 /* MessageController.m in Sources */,
				C5D574D31AB4633800D2FC37 /* ParserHelper.m in Sources */,
				C5D574D91AB463E600D2FC37 /* ConfigHelper.m in Sources */,
				C5D574CD1AB45E3800D2FC37 /* ComposeViewController.m in Sources */,
				C5D5746B1AB4331F00D2FC37 /* main.m in Sources */,
				C5D574A41AB43FA800D2FC37 /* SettingsViewController.m in Sources */,
				C5D574DC1AB4641500D2FC37 /* LoginController.m in Sources */,
			);
			runOnlyForDeploymentPostprocessing = 0;
		};
		C5D5747A1AB4331F00D2FC37 /* Sources */ = {
			isa = PBXSourcesBuildPhase;
			buildActionMask = 2147483647;
			files = (
				C5D574851AB4331F00D2FC37 /* PingPongTests.m in Sources */,
			);
			runOnlyForDeploymentPostprocessing = 0;
		};
/* End PBXSourcesBuildPhase section */

/* Begin PBXTargetDependency section */
		C5D574801AB4331F00D2FC37 /* PBXTargetDependency */ = {
			isa = PBXTargetDependency;
			target = C5D574641AB4331F00D2FC37 /* PingPong */;
			targetProxy = C5D5747F1AB4331F00D2FC37 /* PBXContainerItemProxy */;
		};
/* End PBXTargetDependency section */

/* Begin PBXVariantGroup section */
		C5D574721AB4331F00D2FC37 /* Main.storyboard */ = {
			isa = PBXVariantGroup;
			children = (
				C5D574731AB4331F00D2FC37 /* Base */,
			);
			name = Main.storyboard;
			sourceTree = "<group>";
		};
		C5D574771AB4331F00D2FC37 /* LaunchScreen.xib */ = {
			isa = PBXVariantGroup;
			children = (
				C5D574781AB4331F00D2FC37 /* Base */,
			);
			name = LaunchScreen.xib;
			sourceTree = "<group>";
		};
/* End PBXVariantGroup section */

/* Begin XCBuildConfiguration section */
		C5D574861AB4331F00D2FC37 /* Debug */ = {
			isa = XCBuildConfiguration;
			buildSettings = {
				ALWAYS_SEARCH_USER_PATHS = NO;
				CLANG_CXX_LANGUAGE_STANDARD = "gnu++0x";
				CLANG_CXX_LIBRARY = "libc++";
				CLANG_ENABLE_MODULES = YES;
				CLANG_ENABLE_OBJC_ARC = YES;
				CLANG_WARN_BOOL_CONVERSION = YES;
				CLANG_WARN_CONSTANT_CONVERSION = YES;
				CLANG_WARN_DIRECT_OBJC_ISA_USAGE = YES_ERROR;
				CLANG_WARN_EMPTY_BODY = YES;
				CLANG_WARN_ENUM_CONVERSION = YES;
				CLANG_WARN_INT_CONVERSION = YES;
				CLANG_WARN_OBJC_ROOT_CLASS = YES_ERROR;
				CLANG_WARN_UNREACHABLE_CODE = YES;
				CLANG_WARN__DUPLICATE_METHOD_MATCH = YES;
				"CODE_SIGN_IDENTITY[sdk=iphoneos*]" = "iPhone Developer";
				COPY_PHASE_STRIP = NO;
				ENABLE_STRICT_OBJC_MSGSEND = YES;
				GCC_C_LANGUAGE_STANDARD = gnu99;
				GCC_DYNAMIC_NO_PIC = NO;
				GCC_OPTIMIZATION_LEVEL = 0;
				GCC_PREPROCESSOR_DEFINITIONS = (
					"DEBUG=1",
					"$(inherited)",
				);
				GCC_SYMBOLS_PRIVATE_EXTERN = NO;
				GCC_WARN_64_TO_32_BIT_CONVERSION = YES;
				GCC_WARN_ABOUT_RETURN_TYPE = YES_ERROR;
				GCC_WARN_UNDECLARED_SELECTOR = YES;
				GCC_WARN_UNINITIALIZED_AUTOS = YES_AGGRESSIVE;
				GCC_WARN_UNUSED_FUNCTION = YES;
				GCC_WARN_UNUSED_VARIABLE = YES;
				IPHONEOS_DEPLOYMENT_TARGET = 8.2;
				MTL_ENABLE_DEBUG_INFO = YES;
				ONLY_ACTIVE_ARCH = YES;
				SDKROOT = iphoneos;
			};
			name = Debug;
		};
		C5D574871AB4331F00D2FC37 /* Release */ = {
			isa = XCBuildConfiguration;
			buildSettings = {
				ALWAYS_SEARCH_USER_PATHS = NO;
				CLANG_CXX_LANGUAGE_STANDARD = "gnu++0x";
				CLANG_CXX_LIBRARY = "libc++";
				CLANG_ENABLE_MODULES = YES;
				CLANG_ENABLE_OBJC_ARC = YES;
				CLANG_WARN_BOOL_CONVERSION = YES;
				CLANG_WARN_CONSTANT_CONVERSION = YES;
				CLANG_WARN_DIRECT_OBJC_ISA_USAGE = YES_ERROR;
				CLANG_WARN_EMPTY_BODY = YES;
				CLANG_WARN_ENUM_CONVERSION = YES;
				CLANG_WARN_INT_CONVERSION = YES;
				CLANG_WARN_OBJC_ROOT_CLASS = YES_ERROR;
				CLANG_WARN_UNREACHABLE_CODE = YES;
				CLANG_WARN__DUPLICATE_METHOD_MATCH = YES;
				"CODE_SIGN_IDENTITY[sdk=iphoneos*]" = "iPhone Developer";
				COPY_PHASE_STRIP = NO;
				ENABLE_NS_ASSERTIONS = NO;
				ENABLE_STRICT_OBJC_MSGSEND = YES;
				GCC_C_LANGUAGE_STANDARD = gnu99;
				GCC_WARN_64_TO_32_BIT_CONVERSION = YES;
				GCC_WARN_ABOUT_RETURN_TYPE = YES_ERROR;
				GCC_WARN_UNDECLARED_SELECTOR = YES;
				GCC_WARN_UNINITIALIZED_AUTOS = YES_AGGRESSIVE;
				GCC_WARN_UNUSED_FUNCTION = YES;
				GCC_WARN_UNUSED_VARIABLE = YES;
				IPHONEOS_DEPLOYMENT_TARGET = 8.2;
				MTL_ENABLE_DEBUG_INFO = NO;
				SDKROOT = iphoneos;
				VALIDATE_PRODUCT = YES;
			};
			name = Release;
		};
		C5D574891AB4331F00D2FC37 /* Debug */ = {
			isa = XCBuildConfiguration;
			buildSettings = {
				ASSETCATALOG_COMPILER_APPICON_NAME = AppIcon;
				INFOPLIST_FILE = PingPong/Info.plist;
				IPHONEOS_DEPLOYMENT_TARGET = 8.0;
				LD_RUNPATH_SEARCH_PATHS = "$(inherited) @executable_path/Frameworks";
				PRODUCT_NAME = "$(TARGET_NAME)";
			};
			name = Debug;
		};
		C5D5748A1AB4331F00D2FC37 /* Release */ = {
			isa = XCBuildConfiguration;
			buildSettings = {
				ASSETCATALOG_COMPILER_APPICON_NAME = AppIcon;
				INFOPLIST_FILE = PingPong/Info.plist;
				IPHONEOS_DEPLOYMENT_TARGET = 8.0;
				LD_RUNPATH_SEARCH_PATHS = "$(inherited) @executable_path/Frameworks";
				PRODUCT_NAME = "$(TARGET_NAME)";
			};
			name = Release;
		};
		C5D5748C1AB4331F00D2FC37 /* Debug */ = {
			isa = XCBuildConfiguration;
			buildSettings = {
				BUNDLE_LOADER = "$(TEST_HOST)";
				FRAMEWORK_SEARCH_PATHS = (
					"$(SDKROOT)/Developer/Library/Frameworks",
					"$(inherited)",
				);
				GCC_PREPROCESSOR_DEFINITIONS = (
					"DEBUG=1",
					"$(inherited)",
				);
				INFOPLIST_FILE = PingPongTests/Info.plist;
				LD_RUNPATH_SEARCH_PATHS = "$(inherited) @executable_path/Frameworks @loader_path/Frameworks";
				PRODUCT_NAME = "$(TARGET_NAME)";
				TEST_HOST = "$(BUILT_PRODUCTS_DIR)/PingPong.app/PingPong";
			};
			name = Debug;
		};
		C5D5748D1AB4331F00D2FC37 /* Release */ = {
			isa = XCBuildConfiguration;
			buildSettings = {
				BUNDLE_LOADER = "$(TEST_HOST)";
				FRAMEWORK_SEARCH_PATHS = (
					"$(SDKROOT)/Developer/Library/Frameworks",
					"$(inherited)",
				);
				INFOPLIST_FILE = PingPongTests/Info.plist;
				LD_RUNPATH_SEARCH_PATHS = "$(inherited) @executable_path/Frameworks @loader_path/Frameworks";
				PRODUCT_NAME = "$(TARGET_NAME)";
				TEST_HOST = "$(BUILT_PRODUCTS_DIR)/PingPong.app/PingPong";
			};
			name = Release;
		};
/* End XCBuildConfiguration section */

/* Begin XCConfigurationList section */
		C5D574601AB4331F00D2FC37 /* Build configuration list for PBXProject "PingPong" */ = {
			isa = XCConfigurationList;
			buildConfigurations = (
				C5D574861AB4331F00D2FC37 /* Debug */,
				C5D574871AB4331F00D2FC37 /* Release */,
			);
			defaultConfigurationIsVisible = 0;
			defaultConfigurationName = Release;
		};
		C5D574881AB4331F00D2FC37 /* Build configuration list for PBXNativeTarget "PingPong" */ = {
			isa = XCConfigurationList;
			buildConfigurations = (
				C5D574891AB4331F00D2FC37 /* Debug */,
				C5D5748A1AB4331F00D2FC37 /* Release */,
			);
			defaultConfigurationIsVisible = 0;
			defaultConfigurationName = Release;
		};
		C5D5748B1AB4331F00D2FC37 /* Build configuration list for PBXNativeTarget "PingPongTests" */ = {
			isa = XCConfigurationList;
			buildConfigurations = (
				C5D5748C1AB4331F00D2FC37 /* Debug */,
				C5D5748D1AB4331F00D2FC37 /* Release */,
			);
			defaultConfigurationIsVisible = 0;
			defaultConfigurationName = Release;
		};
/* End XCConfigurationList section */
	};
	rootObject = C5D5745D1AB4331F00D2FC37 /* Project object */;
}
